PODS:
  - AFNetworking (4.0.1):
    - AFNetworking/NSURLSession (= 4.0.1)
    - AFNetworking/Reachability (= 4.0.1)
    - AFNetworking/Security (= 4.0.1)
    - AFNetworking/Serialization (= 4.0.1)
    - AFNetworking/UIKit (= 4.0.1)
  - AFNetworking/NSURLSession (4.0.1):
    - AFNetworking/Reachability
    - AFNetworking/Security
    - AFNetworking/Serialization
  - AFNetworking/Reachability (4.0.1)
  - AFNetworking/Security (4.0.1)
  - AFNetworking/Serialization (4.0.1)
  - AFNetworking/UIKit (4.0.1):
    - AFNetworking/NSURLSession
  - Alamofire (5.6.4)
  - AlphaWalletABI (1.0.0):
    - AlphaWalletAddress
    - EthereumABI
    - TrustKeystore
  - AlphaWalletAddress (1.0.2):
    - AlphaWalletCore
    - EthereumAddress
    - TrustKeystore
  - AlphaWalletAttestation (0.0.1):
    - AlphaWalletFoundation
    - AlphaWalletWeb3
    - BigInt
    - GzipSwift
  - AlphaWalletCore (1.0.2):
    - Alamofire (= 5.6.4)
    - APIKit (= 5.1.0)
    - BigInt
    - CombineExt (= 1.8.0)
    - PromiseKit
  - AlphaWalletENS (1.0.0):
    - AlphaWalletAddress
    - AlphaWalletCore
    - AlphaWalletWeb3
    - PromiseKit
  - AlphaWalletFoundation (1.0.0):
    - AlphaWalletABI
    - AlphaWalletAddress
    - AlphaWalletCore
    - AlphaWalletENS
    - AlphaWalletGoBack
    - AlphaWalletHardwareWallet
    - AlphaWalletLogger
    - AlphaWalletOpenSea
    - AlphaWalletShareExtensionCore
    - AlphaWalletTokenScript
    - AlphaWalletTrustWalletCoreExtensions
    - AlphaWalletWeb3
    - AlphaWalletWeb3Provider
    - APIKit (= 5.1.0)
    - Apollo (= 0.53.0)
    - BigInt (~> 3.1)
    - BlockiesSwift
    - CombineExt (= 1.8.0)
    - CryptoSwift (~> 1.4)
    - JSONRPCKit (~> 2.0.0)
    - Kanna
    - PaperTrailLumberjack/Swift
    - PromiseKit/CorePromise
    - RealmSwift (= 10.36.0)
    - SwiftProtobuf (~> 1.18.0)
    - SwiftyJSON (= 5.0.0)
    - TrezorCrypto
    - TrustKeystore
  - AlphaWalletGoBack (1.0.0)
  - AlphaWalletHardwareWallet (1.0.0):
    - AlphaWalletAddress
    - AlphaWalletTrustWalletCoreExtensions
    - AlphaWalletWeb3
    - TrustKeystore
  - AlphaWalletLogger (1.0.0):
    - CocoaLumberjack (= 3.7.0)
  - AlphaWalletNotifications (1.0.1):
    - AlphaWalletCore
    - AlphaWalletFoundation
    - Firebase/Messaging
    - FirebaseCrashlytics
    - SwiftyJSON
  - AlphaWalletOpenSea (1.0.0):
    - AlphaWalletAddress
    - AlphaWalletCore
    - BigInt
    - PromiseKit
    - SwiftyJSON (= 5.0.0)
  - AlphaWalletShareExtensionCore (1.0.0)
  - AlphaWalletTokenScript (1.0.0):
    - AlphaWalletABI
    - AlphaWalletAddress
    - AlphaWalletCore
    - AlphaWalletLogger
    - AlphaWalletOpenSea
    - AlphaWalletWeb3
    - APIKit
    - BigInt
    - Kanna
    - PromiseKit/CorePromise
  - AlphaWalletTrackAPICalls (1.0.0)
  - AlphaWalletTrustWalletCoreExtensions (1.0.0):
    - AlphaWalletCore
    - BigInt
    - TrustWalletCore (= 2.6.34)
  - AlphaWalletWeb3 (0.0.1):
    - AlphaWalletABI
    - AlphaWalletAddress
    - AlphaWalletCore
    - AlphaWalletLogger
    - APIKit
    - BigInt
    - CryptoSwift
    - JSONRPCKit
    - PromiseKit (~> 6.3.0)
    - secp256k1_ios (~> 0.1.3)
    - SwiftyJSON (= 5.0.0)
  - AlphaWalletWeb3Provider (0.3.0)
  - APIKit (5.1.0)
  - Apollo (0.53.0):
    - Apollo/Core (= 0.53.0)
  - Apollo/Core (0.53.0)
  - BigInt (3.1.0):
    - SipHash (~> 1.2)
  - BL_IPTool (0.0.1)
  - BlockiesSwift (0.1.2)
  - CocoaAsyncSocket (7.6.5)
  - CocoaLumberjack (3.7.0):
    - CocoaLumberjack/Core (= 3.7.0)
  - CocoaLumberjack/Core (3.7.0)
  - CocoaLumberjack/Swift (3.7.0):
    - CocoaLumberjack/Core
  - CombineExt (1.8.0)
  - CryptoSwift (1.8.0)
  - EthereumABI (1.3.0):
    - BigInt (~> 3.1)
    - CryptoSwift (~> 1.0)
    - EthereumAddress (~> 1.3)
  - EthereumAddress (1.3.0):
    - CryptoSwift (~> 1.0)
  - Firebase/CoreOnly (10.16.0):
    - FirebaseCore (= 10.16.0)
  - Firebase/Messaging (10.16.0):
    - Firebase/CoreOnly
    - FirebaseMessaging (~> 10.16.0)
  - FirebaseCore (10.16.0):
    - FirebaseCoreInternal (~> 10.0)
    - GoogleUtilities/Environment (~> 7.8)
    - GoogleUtilities/Logger (~> 7.8)
  - FirebaseCoreExtension (10.16.0):
    - FirebaseCore (~> 10.0)
  - FirebaseCoreInternal (10.16.0):
    - "GoogleUtilities/NSData+zlib (~> 7.8)"
  - FirebaseCrashlytics (10.16.0):
    - FirebaseCore (~> 10.5)
    - FirebaseInstallations (~> 10.0)
    - FirebaseSessions (~> 10.5)
    - GoogleDataTransport (~> 9.2)
    - GoogleUtilities/Environment (~> 7.8)
    - nanopb (< 2.30910.0, >= 2.30908.0)
    - PromisesObjC (~> 2.1)
  - FirebaseInstallations (10.16.0):
    - FirebaseCore (~> 10.0)
    - GoogleUtilities/Environment (~> 7.8)
    - GoogleUtilities/UserDefaults (~> 7.8)
    - PromisesObjC (~> 2.1)
  - FirebaseMessaging (10.16.0):
    - FirebaseCore (~> 10.0)
    - FirebaseInstallations (~> 10.0)
    - GoogleDataTransport (~> 9.2)
    - GoogleUtilities/AppDelegateSwizzler (~> 7.8)
    - GoogleUtilities/Environment (~> 7.8)
    - GoogleUtilities/Reachability (~> 7.8)
    - GoogleUtilities/UserDefaults (~> 7.8)
    - nanopb (< 2.30910.0, >= 2.30908.0)
  - FirebaseSessions (10.16.0):
    - FirebaseCore (~> 10.5)
    - FirebaseCoreExtension (~> 10.0)
    - FirebaseInstallations (~> 10.0)
    - GoogleDataTransport (~> 9.2)
    - GoogleUtilities/Environment (~> 7.10)
    - nanopb (< 2.30910.0, >= 2.30908.0)
    - PromisesSwift (~> 2.1)
  - FMDB (2.7.5):
    - FMDB/standard (= 2.7.5)
  - FMDB/standard (2.7.5)
  - GoogleDataTransport (9.2.5):
    - GoogleUtilities/Environment (~> 7.7)
    - nanopb (< 2.30910.0, >= 2.30908.0)
    - PromisesObjC (< 3.0, >= 1.2)
  - GoogleUtilities/AppDelegateSwizzler (7.11.5):
    - GoogleUtilities/Environment
    - GoogleUtilities/Logger
    - GoogleUtilities/Network
  - GoogleUtilities/Environment (7.11.5):
    - PromisesObjC (< 3.0, >= 1.2)
  - GoogleUtilities/Logger (7.11.5):
    - GoogleUtilities/Environment
  - GoogleUtilities/Network (7.11.5):
    - GoogleUtilities/Logger
    - "GoogleUtilities/NSData+zlib"
    - GoogleUtilities/Reachability
  - "GoogleUtilities/NSData+zlib (7.11.5)"
  - GoogleUtilities/Reachability (7.11.5):
    - GoogleUtilities/Logger
  - GoogleUtilities/UserDefaults (7.11.5):
    - GoogleUtilities/Logger
  - GzipSwift (5.1.1)
  - IQKeyboardManager (6.5.15)
  - JhtMarquee (1.0.6)
  - JKBigInteger (0.0.1)
  - JSONRPCKit (2.0.3):
    - Result (~> 3.0)
  - Kanna (5.0.0)
  - libwebp (1.3.2):
    - libwebp/demux (= 1.3.2)
    - libwebp/mux (= 1.3.2)
    - libwebp/sharpyuv (= 1.3.2)
    - libwebp/webp (= 1.3.2)
  - libwebp/demux (1.3.2):
    - libwebp/webp
  - libwebp/mux (1.3.2):
    - libwebp/demux
  - libwebp/sharpyuv (1.3.2)
  - libwebp/webp (1.3.2):
    - libwebp/sharpyuv
  - Masonry (1.1.0)
  - MBProgressHUD (1.1.0)
  - MGSwipeTableCell (1.6.14)
  - Mixpanel-swift (3.5.1):
    - Mixpanel-swift/Complete (= 3.5.1)
  - Mixpanel-swift/Complete (3.5.1)
  - MJExtension (3.0.15.1)
  - MJRefresh (3.1.15.7)
  - nanopb (2.30909.0):
    - nanopb/decode (= 2.30909.0)
    - nanopb/encode (= 2.30909.0)
  - nanopb/decode (2.30909.0)
  - nanopb/encode (2.30909.0)
  - PaperTrailLumberjack/Core (0.1.9):
    - CocoaAsyncSocket (~> 7.6)
    - CocoaLumberjack (~> 3.4)
  - PaperTrailLumberjack/Swift (0.1.9):
    - CocoaLumberjack/Swift (~> 3.4)
    - PaperTrailLumberjack/Core
  - pop (1.0.12)
  - PromiseKit (6.3.5):
    - PromiseKit/CorePromise (= 6.3.5)
    - PromiseKit/Foundation (= 6.3.5)
    - PromiseKit/UIKit (= 6.3.5)
  - PromiseKit/CorePromise (6.3.5)
  - PromiseKit/Foundation (6.3.5):
    - PromiseKit/CorePromise
  - PromiseKit/UIKit (6.3.5):
    - PromiseKit/CorePromise
  - PromisesObjC (2.3.1)
  - PromisesSwift (2.3.1):
    - PromisesObjC (= 2.3.1)
  - ReactiveObjC (3.1.1)
  - Realm (10.36.0):
    - Realm/Headers (= 10.36.0)
  - Realm/Headers (10.36.0)
  - RealmSwift (10.36.0):
    - Realm (= 10.36.0)
  - Result (3.2.4)
  - RTRootNavigationController (0.7.2):
    - RTRootNavigationController/Core (= 0.7.2)
  - RTRootNavigationController/Core (0.7.2)
  - SAMKeychain (1.5.3)
  - SDWebImage (5.0.6):
    - SDWebImage/Core (= 5.0.6)
  - SDWebImage/Core (5.0.6)
  - SDWebImageWebPCoder (0.3.1):
    - libwebp (~> 1.0)
    - SDWebImage/Core (~> 5.0)
  - secp256k1_ios (0.1.3)
  - SipHash (1.2.2)
  - SwiftProtobuf (1.18.0)
  - SwiftyJSON (5.0.0)
  - TrezorCrypto (0.0.9)
  - TrustKeystore (0.1.3):
    - CryptoSwift (~> 1.0)
    - secp256k1_ios (~> 0.1.0)
    - TrezorCrypto
  - TrustWalletCore (2.6.34):
    - TrustWalletCore/Core (= 2.6.34)
  - TrustWalletCore/Core (2.6.34):
    - TrustWalletCore/Types
  - TrustWalletCore/Types (2.6.34):
    - SwiftProtobuf
  - WebViewJavascriptBridge (6.0.3)
  - YYCache (1.0.4)
  - YYImage (1.0.4):
    - YYImage/Core (= 1.0.4)
  - YYImage/Core (1.0.4)
  - YYModel (1.0.4)
  - YYText (1.0.7)
  - YYWebImage (1.0.5):
    - YYCache
    - YYImage

DEPENDENCIES:
  - AFNetworking
  - AlphaWalletABI (from `.`)
  - AlphaWalletAddress (from `.`)
  - AlphaWalletAttestation (from `.`)
  - AlphaWalletCore (from `.`)
  - AlphaWalletENS (from `.`)
  - AlphaWalletFoundation (from `.`)
  - AlphaWalletGoBack (from `.`)
  - AlphaWalletHardwareWallet (from `.`)
  - AlphaWalletLogger (from `.`)
  - AlphaWalletNotifications (from `.`)
  - AlphaWalletOpenSea (from `.`)
  - AlphaWalletShareExtensionCore (from `.`)
  - AlphaWalletTokenScript (from `.`)
  - AlphaWalletTrackAPICalls (from `.`)
  - AlphaWalletTrustWalletCoreExtensions (from `.`)
  - AlphaWalletWeb3 (from `.`)
  - AlphaWalletWeb3Provider (from `https://github.com/AlphaWallet/AlphaWallet-web3-provider`, commit `bdb38b06eeedeb4ca1e32d3ecd81783b5116ae68`)
  - BL_IPTool (from `https://github.com/bolee/BL_IPTool.git`)
  - EthereumABI (from `https://github.com/AlphaWallet/EthereumABI.git`, commit `877b77e8e7cbc54ab0712d509b74fec21b79d1bb`)
  - FMDB (~> 2.7.5)
  - IQKeyboardManager
  - JhtMarquee
  - JKBigInteger (~> 0.0.1)
  - Kanna (from `https://github.com/tid-kijyun/Kanna.git`, commit `06a04bc28783ccbb40efba355dee845a024033e8`)
  - Masonry (~> 1.1.0)
  - MBProgressHUD (~> 1.1.0)
  - MGSwipeTableCell (~> 1.6.7)
  - Mixpanel-swift (~> 3.1)
  - MJExtension (~> 3.0.15.1)
  - MJRefresh (~> 3.1.15.7)
  - pop
  - ReactiveObjC
  - RTRootNavigationController (~> 0.7.0)
  - SAMKeychain
  - SDWebImage (~> 5.0.0)
  - SDWebImageWebPCoder
  - TrezorCrypto (from `https://github.com/AlphaWallet/trezor-crypto-ios.git`, commit `50c16ba5527e269bbc838e80aee5bac0fe304cc7`)
  - TrustKeystore (from `https://github.com/AlphaWallet/latest-keystore-snapshot`, commit `c0bdc4f6ffc117b103e19d17b83109d4f5a0e764`)
  - WebViewJavascriptBridge
  - YYModel (~> 1.0.4)
  - YYText (~> 1.0.7)
  - YYWebImage

SPEC REPOS:
  https://github.com/CocoaPods/Specs.git:
    - AFNetworking
    - Alamofire
    - APIKit
    - Apollo
    - BigInt
    - BlockiesSwift
    - CocoaAsyncSocket
    - CocoaLumberjack
    - CombineExt
    - CryptoSwift
    - EthereumAddress
    - Firebase
    - FirebaseCore
    - FirebaseCoreExtension
    - FirebaseCoreInternal
    - FirebaseCrashlytics
    - FirebaseInstallations
    - FirebaseMessaging
    - FirebaseSessions
    - FMDB
    - GoogleDataTransport
    - GoogleUtilities
    - GzipSwift
    - IQKeyboardManager
    - JhtMarquee
    - JKBigInteger
    - JSONRPCKit
    - libwebp
    - Masonry
    - MBProgressHUD
    - MGSwipeTableCell
    - Mixpanel-swift
    - MJExtension
    - MJRefresh
    - nanopb
    - PaperTrailLumberjack
    - pop
    - PromiseKit
    - PromisesObjC
    - PromisesSwift
    - ReactiveObjC
    - Realm
    - RealmSwift
    - Result
    - RTRootNavigationController
    - SAMKeychain
    - SDWebImage
    - SDWebImageWebPCoder
    - secp256k1_ios
    - SipHash
    - SwiftProtobuf
    - SwiftyJSON
    - TrustWalletCore
    - WebViewJavascriptBridge
    - YYCache
    - YYImage
    - YYModel
    - YYText
    - YYWebImage

EXTERNAL SOURCES:
  AlphaWalletABI:
    :path: "."
  AlphaWalletAddress:
    :path: "."
  AlphaWalletAttestation:
    :path: "."
  AlphaWalletCore:
    :path: "."
  AlphaWalletENS:
    :path: "."
  AlphaWalletFoundation:
    :path: "."
  AlphaWalletGoBack:
    :path: "."
  AlphaWalletHardwareWallet:
    :path: "."
  AlphaWalletLogger:
    :path: "."
  AlphaWalletNotifications:
    :path: "."
  AlphaWalletOpenSea:
    :path: "."
  AlphaWalletShareExtensionCore:
    :path: "."
  AlphaWalletTokenScript:
    :path: "."
  AlphaWalletTrackAPICalls:
    :path: "."
  AlphaWalletTrustWalletCoreExtensions:
    :path: "."
  AlphaWalletWeb3:
    :path: "."
  AlphaWalletWeb3Provider:
    :commit: bdb38b06eeedeb4ca1e32d3ecd81783b5116ae68
    :git: https://github.com/AlphaWallet/AlphaWallet-web3-provider
  BL_IPTool:
    :git: https://github.com/bolee/BL_IPTool.git
  EthereumABI:
    :commit: 877b77e8e7cbc54ab0712d509b74fec21b79d1bb
    :git: https://github.com/AlphaWallet/EthereumABI.git
  Kanna:
    :commit: 06a04bc28783ccbb40efba355dee845a024033e8
    :git: https://github.com/tid-kijyun/Kanna.git
  TrezorCrypto:
    :commit: 50c16ba5527e269bbc838e80aee5bac0fe304cc7
    :git: https://github.com/AlphaWallet/trezor-crypto-ios.git
  TrustKeystore:
    :commit: c0bdc4f6ffc117b103e19d17b83109d4f5a0e764
    :git: https://github.com/AlphaWallet/latest-keystore-snapshot

CHECKOUT OPTIONS:
  AlphaWalletWeb3Provider:
    :commit: bdb38b06eeedeb4ca1e32d3ecd81783b5116ae68
    :git: https://github.com/AlphaWallet/AlphaWallet-web3-provider
  BL_IPTool:
    :commit: aaf1f9a2844603387aabcceff23def028f77dd71
    :git: https://github.com/bolee/BL_IPTool.git
  EthereumABI:
    :commit: 877b77e8e7cbc54ab0712d509b74fec21b79d1bb
    :git: https://github.com/AlphaWallet/EthereumABI.git
  Kanna:
    :commit: 06a04bc28783ccbb40efba355dee845a024033e8
    :git: https://github.com/tid-kijyun/Kanna.git
  TrezorCrypto:
    :commit: 50c16ba5527e269bbc838e80aee5bac0fe304cc7
    :git: https://github.com/AlphaWallet/trezor-crypto-ios.git
  TrustKeystore:
    :commit: c0bdc4f6ffc117b103e19d17b83109d4f5a0e764
    :git: https://github.com/AlphaWallet/latest-keystore-snapshot

SPEC CHECKSUMS:
  AFNetworking: 3bd23d814e976cd148d7d44c3ab78017b744cd58
  Alamofire: 4e95d97098eacb88856099c4fc79b526a299e48c
  AlphaWalletABI: 5a4303eba7e575cf6ca11b70bb06f1b1d05b0d19
  AlphaWalletAddress: b1689336d5b2560d4f0993aa680e758c49068f87
  AlphaWalletAttestation: f28104f616b5b4b2f3d5b74b2701c7af04997595
  AlphaWalletCore: 5b06f12b96578c533585bb1c06acf255a9f98bec
  AlphaWalletENS: 8f611f655728c8f2a6b91fb8f1417144d33a4915
  AlphaWalletFoundation: fecb0317a9f6b55dd736416660830a1145b9cd0c
  AlphaWalletGoBack: 665101a1185145ef0a4a92943dcb11ae1fe697ca
  AlphaWalletHardwareWallet: 7aafac3ef2246713a606bd69e3af75ff111e1afc
  AlphaWalletLogger: 54208bad850ec92a32fa4f969d0026305b6ce028
  AlphaWalletNotifications: 6e6a5f1cf0fc598c1c917dfb527a608b049a0a96
  AlphaWalletOpenSea: e6ee4efb03db0dfebc69dfe23db33fa33bba8918
  AlphaWalletShareExtensionCore: e5fc88c6120d5b77b3ba44a37e7b58da5ccbb7b6
  AlphaWalletTokenScript: b4e5d7acdc85ed6915d8bf07c82abf20836cee50
  AlphaWalletTrackAPICalls: 0e18ad5b389b054ee30673e7f1caf095a17c1b33
  AlphaWalletTrustWalletCoreExtensions: 976653ec0116dbcafa6ff1fc93ebdc3a469e5f57
  AlphaWalletWeb3: 2313cded9cc02cbd9f09914e93e74cd1074bf94f
  AlphaWalletWeb3Provider: 7ca1e1c1dc841dc1915f970daace48bf34931655
  APIKit: 9e1a4069608bf0ae5238811e6cfc26928ad4d01e
  Apollo: 204819ea82022fbc59ad05056820df867f19bd02
  BigInt: 76b5dfdfa3e2e478d4ffdf161aeede5502e2742f
  BL_IPTool: f69d0f8455686b3239468f900eddb53f608c5061
  BlockiesSwift: 22d8d56dd187e6bfd16cb8c8fbd4fd4896c3e65d
  CocoaAsyncSocket: 065fd1e645c7abab64f7a6a2007a48038fdc6a99
  CocoaLumberjack: e8955b9d337ac307103b0a34fd141c32f27e53c5
  CombineExt: c4daa97ef75754d8ef319bd79edeef82652f3eea
  CryptoSwift: 52aaf3fce7337552863b1d952e408085f0e65030
  EthereumABI: c021720744d260b87def6aa45d94554d260cb5a9
  EthereumAddress: 39fe8e11cf04e4e9902b55ae653dbc4e0aee5f30
  Firebase: 25899099b77d255a636e3579c3d9dce10ec150d5
  FirebaseCore: 65a801af84cca84361ef9eac3fd868656968a53b
  FirebaseCoreExtension: 2dbc745b337eb99d2026a7a309ae037bd873f45e
  FirebaseCoreInternal: 26233f705cc4531236818a07ac84d20c333e505a
  FirebaseCrashlytics: d7fe23c5796f21104c753446b7a51d1737a88fb9
  FirebaseInstallations: b822f91a61f7d1ba763e5ccc9d4f2e6f2ed3b3ee
  FirebaseMessaging: 80b4a086d20ed4fd385a702f4bfa920e14f5064d
  FirebaseSessions: 96e7781e545929cde06dd91088ddbb0841391b43
  FMDB: 2ce00b547f966261cd18927a3ddb07cb6f3db82a
  GoogleDataTransport: 54dee9d48d14580407f8f5fbf2f496e92437a2f2
  GoogleUtilities: 13e2c67ede716b8741c7989e26893d151b2b2084
  GzipSwift: 893f3e48e597a1a4f62fafcb6514220fcf8287fa
  IQKeyboardManager: 22ffab9bd300ad493485a390a095f5db0c841776
  JhtMarquee: 38eb0ceb3d515092e77a88b9005e2179c7cd1b2d
  JKBigInteger: 7f3894ca331bf271a8e2ee0d5329707ca6eda6e0
  JSONRPCKit: b2991f2f242d72022083f9d869140dabd26d65c7
  Kanna: a32875df62975f8f4b871e933b4ea1a5c3b8be0f
  libwebp: 1786c9f4ff8a279e4dac1e8f385004d5fc253009
  Masonry: 678fab65091a9290e40e2832a55e7ab731aad201
  MBProgressHUD: e7baa36a220447d8aeb12769bf0585582f3866d9
  MGSwipeTableCell: d99ed6466f393b71cd488c6f798ba112ff5d1d01
  Mixpanel-swift: 89d88f4d3dd1b4b3b69bd05060756eb1248b76f0
  MJExtension: 19bc33ce2eee2d319760f5622562cf581a6ff756
  MJRefresh: 697f8ec75ebdbe9207767bb682cf0f51b0d8a41f
  nanopb: b552cce312b6c8484180ef47159bc0f65a1f0431
  PaperTrailLumberjack: 449587968d5aeb3eab2d4de041ffc61ee2d49f25
  pop: d582054913807fd11fd50bfe6a539d91c7e1a55a
  PromiseKit: 32c36425387e9cfc7f1206f27bfd906d0b53c0d6
  PromisesObjC: c50d2056b5253dadbd6c2bea79b0674bd5a52fa4
  PromisesSwift: 28dca69a9c40779916ac2d6985a0192a5cb4a265
  ReactiveObjC: 011caa393aa0383245f2dcf9bf02e86b80b36040
  Realm: 3fd136cb4c83a927482a7f1612496d37beed3cf5
  RealmSwift: 513d4dcbf5bfc4d573454088b592685fc48dd716
  Result: d2d07204ce72856f1fd9130bbe42c35a7b0fea10
  RTRootNavigationController: 8344c2352d6d40fa370d0366efae2c84a945213f
  SAMKeychain: 483e1c9f32984d50ca961e26818a534283b4cd5c
  SDWebImage: 920f1a2ff1ca8296ad34f6e0510a1ef1d70ac965
  SDWebImageWebPCoder: ce58a29621c2806dd5c36695ed192cf67163ff9d
  secp256k1_ios: ac9ef04e761f43c58012b28548afa91493761f17
  SipHash: fad90a4683e420c52ef28063063dbbce248ea6d4
  SwiftProtobuf: c3c12645230d9b09c72267e0de89468c5543bd86
  SwiftyJSON: 36413e04c44ee145039d332b4f4e2d3e8d6c4db7
  TrezorCrypto: bfeea47a052dca2c77d4a39e1e183865e52de14d
  TrustKeystore: 3d8b4571c66648fb985015c96b3185440bb837fe
  TrustWalletCore: a92d85baa15932279cce925559e93695558cafdd
  WebViewJavascriptBridge: 7f5bc4d3581e672e8f32bd0f812d54bc69bb8e29
  YYCache: 8105b6638f5e849296c71f331ff83891a4942952
  YYImage: 1e1b62a9997399593e4b9c4ecfbbabbf1d3f3b54
  YYModel: 2a7fdd96aaa4b86a824e26d0c517de8928c04b30
  YYText: 5c461d709e24d55a182d1441c41dc639a18a4849
  YYWebImage: 5f7f36aee2ae293f016d418c7d6ba05c4863e928

PODFILE CHECKSUM: 8124e77808308ca2258d273b8e6f33f025539b7f

COCOAPODS: 1.15.2
